// !$*UTF8*$!
{
	archiveVersion = 1;
	classes = {
	};
	objectVersion = 46;
	objects = {

/* Begin PBXBuildFile section */
		CD665EC713E7462400348D57 /* boost.framework in Frameworks */ = {isa = PBXBuildFile; fileRef = CD665EC613E7462400348D57 /* boost.framework */; };
		CD6E380813E4205E00F9222B /* vf_AllocatedBy.h in Headers */ = {isa = PBXBuildFile; fileRef = CD6E37C313E4205D00F9222B /* vf_AllocatedBy.h */; };
		CD6E380913E4205E00F9222B /* vf_Allocator.h in Headers */ = {isa = PBXBuildFile; fileRef = CD6E37C413E4205D00F9222B /* vf_Allocator.h */; };
		CD6E380A13E4205E00F9222B /* vf_AllocatorWithoutTls.h in Headers */ = {isa = PBXBuildFile; fileRef = CD6E37C513E4205D00F9222B /* vf_AllocatorWithoutTls.h */; };
		CD6E380B13E4205E00F9222B /* vf_Array.h in Headers */ = {isa = PBXBuildFile; fileRef = CD6E37C613E4205D00F9222B /* vf_Array.h */; };
		CD6E380C13E4205E00F9222B /* vf_Atomic.h in Headers */ = {isa = PBXBuildFile; fileRef = CD6E37C713E4205D00F9222B /* vf_Atomic.h */; };
		CD6E380D13E4205E00F9222B /* vf_AudioBufferPool.h in Headers */ = {isa = PBXBuildFile; fileRef = CD6E37C813E4205D00F9222B /* vf_AudioBufferPool.h */; };
		CD6E380E13E4205E00F9222B /* vf_AudioSampleBufferArray.h in Headers */ = {isa = PBXBuildFile; fileRef = CD6E37C913E4205D00F9222B /* vf_AudioSampleBufferArray.h */; };
		CD6E380F13E4205E00F9222B /* vf_Bind.h in Headers */ = {isa = PBXBuildFile; fileRef = CD6E37CA13E4205D00F9222B /* vf_Bind.h */; };
		CD6E381013E4205E00F9222B /* vf_boost_includes.h in Headers */ = {isa = PBXBuildFile; fileRef = CD6E37CB13E4205D00F9222B /* vf_boost_includes.h */; };
		CD6E381113E4205E00F9222B /* vf_BoostThread.h in Headers */ = {isa = PBXBuildFile; fileRef = CD6E37CC13E4205D00F9222B /* vf_BoostThread.h */; };
		CD6E381213E4205E00F9222B /* vf_CacheLine.h in Headers */ = {isa = PBXBuildFile; fileRef = CD6E37CD13E4205D00F9222B /* vf_CacheLine.h */; };
		CD6E381313E4205E00F9222B /* vf_CatchAny.h in Headers */ = {isa = PBXBuildFile; fileRef = CD6E37CE13E4205D00F9222B /* vf_CatchAny.h */; };
		CD6E381413E4205E00F9222B /* vf_ConditionVariable.h in Headers */ = {isa = PBXBuildFile; fileRef = CD6E37CF13E4205D00F9222B /* vf_ConditionVariable.h */; };
		CD6E381513E4205E00F9222B /* vf_Config.h in Headers */ = {isa = PBXBuildFile; fileRef = CD6E37D013E4205D00F9222B /* vf_Config.h */; };
		CD6E381613E4205E00F9222B /* vf_db.h in Headers */ = {isa = PBXBuildFile; fileRef = CD6E37D113E4205D00F9222B /* vf_db.h */; };
		CD6E381713E4205E00F9222B /* vf_Debug.h in Headers */ = {isa = PBXBuildFile; fileRef = CD6E37D213E4205D00F9222B /* vf_Debug.h */; };
		CD6E381813E4205E00F9222B /* vf_Error.h in Headers */ = {isa = PBXBuildFile; fileRef = CD6E37D313E4205D00F9222B /* vf_Error.h */; };
		CD6E381913E4205E00F9222B /* vf_ext_includes.h in Headers */ = {isa = PBXBuildFile; fileRef = CD6E37D413E4205D00F9222B /* vf_ext_includes.h */; };
		CD6E381A13E4205E00F9222B /* vf_FPUFlags.h in Headers */ = {isa = PBXBuildFile; fileRef = CD6E37D513E4205D00F9222B /* vf_FPUFlags.h */; };
		CD6E381B13E4205E00F9222B /* vf_Function.h in Headers */ = {isa = PBXBuildFile; fileRef = CD6E37D613E4205D00F9222B /* vf_Function.h */; };
		CD6E381C13E4205E00F9222B /* vf_GuiWorker.h in Headers */ = {isa = PBXBuildFile; fileRef = CD6E37D713E4205D00F9222B /* vf_GuiWorker.h */; };
		CD6E381D13E4205E00F9222B /* vf_HeaderTemplate.h in Headers */ = {isa = PBXBuildFile; fileRef = CD6E37D813E4205D00F9222B /* vf_HeaderTemplate.h */; };
		CD6E381E13E4205E00F9222B /* vf_includes.h in Headers */ = {isa = PBXBuildFile; fileRef = CD6E37D913E4205D00F9222B /* vf_includes.h */; };
		CD6E381F13E4205E00F9222B /* vf_Interval.h in Headers */ = {isa = PBXBuildFile; fileRef = CD6E37DA13E4205D00F9222B /* vf_Interval.h */; };
		CD6E382013E4205E00F9222B /* vf_Intrinsics.h in Headers */ = {isa = PBXBuildFile; fileRef = CD6E37DB13E4205D00F9222B /* vf_Intrinsics.h */; };
		CD6E382113E4205E00F9222B /* vf_IntrusiveStack.h in Headers */ = {isa = PBXBuildFile; fileRef = CD6E37DC13E4205D00F9222B /* vf_IntrusiveStack.h */; };
		CD6E382213E4205E00F9222B /* vf_juce_includes.h in Headers */ = {isa = PBXBuildFile; fileRef = CD6E37DD13E4205D00F9222B /* vf_juce_includes.h */; };
		CD6E382313E4205E00F9222B /* vf_JuceThread.h in Headers */ = {isa = PBXBuildFile; fileRef = CD6E37DE13E4205D00F9222B /* vf_JuceThread.h */; };
		CD6E382413E4205E00F9222B /* vf_LeakChecked.h in Headers */ = {isa = PBXBuildFile; fileRef = CD6E37DF13E4205D00F9222B /* vf_LeakChecked.h */; };
		CD6E382513E4205E00F9222B /* vf_List.h in Headers */ = {isa = PBXBuildFile; fileRef = CD6E37E013E4205D00F9222B /* vf_List.h */; };
		CD6E382613E4205E00F9222B /* vf_Listeners.h in Headers */ = {isa = PBXBuildFile; fileRef = CD6E37E113E4205D00F9222B /* vf_Listeners.h */; };
		CD6E382713E4205E00F9222B /* vf_LockFree.h in Headers */ = {isa = PBXBuildFile; fileRef = CD6E37E213E4205D00F9222B /* vf_LockFree.h */; };
		CD6E382813E4205E00F9222B /* vf_LockFreeDelay.h in Headers */ = {isa = PBXBuildFile; fileRef = CD6E37E313E4205D00F9222B /* vf_LockFreeDelay.h */; };
		CD6E382913E4205E00F9222B /* vf_LockFreeList.h in Headers */ = {isa = PBXBuildFile; fileRef = CD6E37E413E4205D00F9222B /* vf_LockFreeList.h */; };
		CD6E382A13E4205E00F9222B /* vf_LockFreeQueue.h in Headers */ = {isa = PBXBuildFile; fileRef = CD6E37E513E4205D00F9222B /* vf_LockFreeQueue.h */; };
		CD6E382B13E4205E00F9222B /* vf_LockFreeStack.h in Headers */ = {isa = PBXBuildFile; fileRef = CD6E37E613E4205D00F9222B /* vf_LockFreeStack.h */; };
		CD6E382C13E4205E00F9222B /* vf_ManualWorker.h in Headers */ = {isa = PBXBuildFile; fileRef = CD6E37E713E4205D00F9222B /* vf_ManualWorker.h */; };
		CD6E382D13E4205E00F9222B /* vf_Math.h in Headers */ = {isa = PBXBuildFile; fileRef = CD6E37E813E4205D00F9222B /* vf_Math.h */; };
		CD6E382E13E4205E00F9222B /* vf_MemoryAlignment.h in Headers */ = {isa = PBXBuildFile; fileRef = CD6E37E913E4205D00F9222B /* vf_MemoryAlignment.h */; };
		CD6E382F13E4205E00F9222B /* vf_MurmurHash.h in Headers */ = {isa = PBXBuildFile; fileRef = CD6E37EA13E4205D00F9222B /* vf_MurmurHash.h */; };
		CD6E383013E4205E00F9222B /* vf_Mutex.h in Headers */ = {isa = PBXBuildFile; fileRef = CD6E37EB13E4205D00F9222B /* vf_Mutex.h */; };
		CD6E383113E4205E00F9222B /* vf_NonCopyable.h in Headers */ = {isa = PBXBuildFile; fileRef = CD6E37EC13E4205D00F9222B /* vf_NonCopyable.h */; };
		CD6E383213E4205E00F9222B /* vf_ObjectAllocator.h in Headers */ = {isa = PBXBuildFile; fileRef = CD6E37ED13E4205D00F9222B /* vf_ObjectAllocator.h */; };
		CD6E383313E4205E00F9222B /* vf_OncePerSecond.h in Headers */ = {isa = PBXBuildFile; fileRef = CD6E37EE13E4205D00F9222B /* vf_OncePerSecond.h */; };
		CD6E383413E4205E00F9222B /* vf_PageAllocator.h in Headers */ = {isa = PBXBuildFile; fileRef = CD6E37EF13E4205D00F9222B /* vf_PageAllocator.h */; };
		CD6E383513E4205E00F9222B /* vf_PagePool.h in Headers */ = {isa = PBXBuildFile; fileRef = CD6E37F013E4205D00F9222B /* vf_PagePool.h */; };
		CD6E383613E4205E00F9222B /* vf_PerformedAtExit.h in Headers */ = {isa = PBXBuildFile; fileRef = CD6E37F113E4205D00F9222B /* vf_PerformedAtExit.h */; };
		CD6E383713E4205E00F9222B /* vf_ReadWriteMutex.h in Headers */ = {isa = PBXBuildFile; fileRef = CD6E37F213E4205D00F9222B /* vf_ReadWriteMutex.h */; };
		CD6E383813E4205E00F9222B /* vf_ReadWriteMutexBase.h in Headers */ = {isa = PBXBuildFile; fileRef = CD6E37F313E4205D00F9222B /* vf_ReadWriteMutexBase.h */; };
		CD6E383913E4205E00F9222B /* vf_SafeBool.h in Headers */ = {isa = PBXBuildFile; fileRef = CD6E37F413E4205D00F9222B /* vf_SafeBool.h */; };
		CD6E383A13E4205E00F9222B /* vf_SharedObject.h in Headers */ = {isa = PBXBuildFile; fileRef = CD6E37F513E4205D00F9222B /* vf_SharedObject.h */; };
		CD6E383B13E4205E00F9222B /* vf_SharedObjectPtr.h in Headers */ = {isa = PBXBuildFile; fileRef = CD6E37F613E4205D00F9222B /* vf_SharedObjectPtr.h */; };
		CD6E383C13E4205E00F9222B /* vf_SharedSingleton.h in Headers */ = {isa = PBXBuildFile; fileRef = CD6E37F713E4205D00F9222B /* vf_SharedSingleton.h */; };
		CD6E383D13E4205E00F9222B /* vf_SharedState.h in Headers */ = {isa = PBXBuildFile; fileRef = CD6E37F813E4205D00F9222B /* vf_SharedState.h */; };
		CD6E383E13E4205E00F9222B /* vf_SpinLock.h in Headers */ = {isa = PBXBuildFile; fileRef = CD6E37F913E4205D00F9222B /* vf_SpinLock.h */; };
		CD6E383F13E4205E00F9222B /* vf_StandardAllocator.h in Headers */ = {isa = PBXBuildFile; fileRef = CD6E37FA13E4205D00F9222B /* vf_StandardAllocator.h */; };
		CD6E384013E4205E00F9222B /* vf_StandardHeader.h in Headers */ = {isa = PBXBuildFile; fileRef = CD6E37FB13E4205E00F9222B /* vf_StandardHeader.h */; };
		CD6E384113E4205E00F9222B /* vf_StaticObject.h in Headers */ = {isa = PBXBuildFile; fileRef = CD6E37FC13E4205E00F9222B /* vf_StaticObject.h */; };
		CD6E384213E4205E00F9222B /* vf_stdlib_includes.h in Headers */ = {isa = PBXBuildFile; fileRef = CD6E37FD13E4205E00F9222B /* vf_stdlib_includes.h */; };
		CD6E384313E4205E00F9222B /* vf_String.h in Headers */ = {isa = PBXBuildFile; fileRef = CD6E37FE13E4205E00F9222B /* vf_String.h */; };
		CD6E384413E4205E00F9222B /* vf_Thread.h in Headers */ = {isa = PBXBuildFile; fileRef = CD6E37FF13E4205E00F9222B /* vf_Thread.h */; };
		CD6E384513E4205E00F9222B /* vf_ThreadBase.h in Headers */ = {isa = PBXBuildFile; fileRef = CD6E380013E4205E00F9222B /* vf_ThreadBase.h */; };
		CD6E384613E4205E00F9222B /* vf_ThreadIndex.h in Headers */ = {isa = PBXBuildFile; fileRef = CD6E380113E4205E00F9222B /* vf_ThreadIndex.h */; };
		CD6E384713E4205E00F9222B /* vf_ThreadWorker.h in Headers */ = {isa = PBXBuildFile; fileRef = CD6E380213E4205E00F9222B /* vf_ThreadWorker.h */; };
		CD6E384813E4205E00F9222B /* vf_Throw.h in Headers */ = {isa = PBXBuildFile; fileRef = CD6E380313E4205E00F9222B /* vf_Throw.h */; };
		CD6E384913E4205E00F9222B /* vf_Type.h in Headers */ = {isa = PBXBuildFile; fileRef = CD6E380413E4205E00F9222B /* vf_Type.h */; };
		CD6E384A13E4205E00F9222B /* vf_ui.h in Headers */ = {isa = PBXBuildFile; fileRef = CD6E380513E4205E00F9222B /* vf_ui.h */; };
		CD6E384B13E4205E00F9222B /* vf_Worker.h in Headers */ = {isa = PBXBuildFile; fileRef = CD6E380613E4205E00F9222B /* vf_Worker.h */; };
		CD6E384C13E4205E00F9222B /* vf.h in Headers */ = {isa = PBXBuildFile; fileRef = CD6E380713E4205E00F9222B /* vf.h */; };
		CD6E386C13E420F000F9222B /* vf_Allocator.cpp in Sources */ = {isa = PBXBuildFile; fileRef = CD6E385213E420F000F9222B /* vf_Allocator.cpp */; };
		CD6E386D13E420F000F9222B /* vf_AllocatorWithoutTls.cpp in Sources */ = {isa = PBXBuildFile; fileRef = CD6E385313E420F000F9222B /* vf_AllocatorWithoutTls.cpp */; };
		CD6E386E13E420F000F9222B /* vf_AudioBufferPool.cpp in Sources */ = {isa = PBXBuildFile; fileRef = CD6E385413E420F000F9222B /* vf_AudioBufferPool.cpp */; };
		CD6E386F13E420F000F9222B /* vf_BoostThread.cpp in Sources */ = {isa = PBXBuildFile; fileRef = CD6E385513E420F000F9222B /* vf_BoostThread.cpp */; };
		CD6E387013E420F000F9222B /* vf_CatchAny.cpp in Sources */ = {isa = PBXBuildFile; fileRef = CD6E385613E420F000F9222B /* vf_CatchAny.cpp */; };
		CD6E387113E420F000F9222B /* vf_ConditionVariable.cpp in Sources */ = {isa = PBXBuildFile; fileRef = CD6E385713E420F000F9222B /* vf_ConditionVariable.cpp */; };
		CD6E387213E420F000F9222B /* vf_Debug.cpp in Sources */ = {isa = PBXBuildFile; fileRef = CD6E385813E420F000F9222B /* vf_Debug.cpp */; };
		CD6E387313E420F000F9222B /* vf_Error.cpp in Sources */ = {isa = PBXBuildFile; fileRef = CD6E385913E420F000F9222B /* vf_Error.cpp */; };
		CD6E387413E420F000F9222B /* vf_FPUFlags.cpp in Sources */ = {isa = PBXBuildFile; fileRef = CD6E385A13E420F000F9222B /* vf_FPUFlags.cpp */; };
		CD6E387513E420F000F9222B /* vf_GuiWorker.cpp in Sources */ = {isa = PBXBuildFile; fileRef = CD6E385B13E420F000F9222B /* vf_GuiWorker.cpp */; };
		CD6E387613E420F000F9222B /* vf_JuceThread.cpp in Sources */ = {isa = PBXBuildFile; fileRef = CD6E385C13E420F000F9222B /* vf_JuceThread.cpp */; };
		CD6E387713E420F000F9222B /* vf_LeakChecked.cpp in Sources */ = {isa = PBXBuildFile; fileRef = CD6E385D13E420F000F9222B /* vf_LeakChecked.cpp */; };
		CD6E387813E420F000F9222B /* vf_Listeners.cpp in Sources */ = {isa = PBXBuildFile; fileRef = CD6E385E13E420F000F9222B /* vf_Listeners.cpp */; };
		CD6E387913E420F000F9222B /* vf_LockFreeDelay.cpp in Sources */ = {isa = PBXBuildFile; fileRef = CD6E385F13E420F000F9222B /* vf_LockFreeDelay.cpp */; };
		CD6E387A13E420F000F9222B /* vf_MurmurHash.cpp in Sources */ = {isa = PBXBuildFile; fileRef = CD6E386013E420F000F9222B /* vf_MurmurHash.cpp */; };
		CD6E387B13E420F000F9222B /* vf_OncePerSecond.cpp in Sources */ = {isa = PBXBuildFile; fileRef = CD6E386113E420F000F9222B /* vf_OncePerSecond.cpp */; };
		CD6E387C13E420F000F9222B /* vf_PageAllocator.cpp in Sources */ = {isa = PBXBuildFile; fileRef = CD6E386213E420F000F9222B /* vf_PageAllocator.cpp */; };
		CD6E387D13E420F000F9222B /* vf_PagePool.cpp in Sources */ = {isa = PBXBuildFile; fileRef = CD6E386313E420F000F9222B /* vf_PagePool.cpp */; };
		CD6E387E13E420F000F9222B /* vf_PerformedAtExit.cpp in Sources */ = {isa = PBXBuildFile; fileRef = CD6E386413E420F000F9222B /* vf_PerformedAtExit.cpp */; };
		CD6E387F13E420F000F9222B /* vf_ReadWriteMutex.cpp in Sources */ = {isa = PBXBuildFile; fileRef = CD6E386513E420F000F9222B /* vf_ReadWriteMutex.cpp */; };
		CD6E388013E420F000F9222B /* vf_SharedObject.cpp in Sources */ = {isa = PBXBuildFile; fileRef = CD6E386613E420F000F9222B /* vf_SharedObject.cpp */; };
		CD6E388113E420F000F9222B /* vf_SharedSingleton.cpp in Sources */ = {isa = PBXBuildFile; fileRef = CD6E386713E420F000F9222B /* vf_SharedSingleton.cpp */; };
		CD6E388213E420F000F9222B /* vf_Thread.cpp in Sources */ = {isa = PBXBuildFile; fileRef = CD6E386813E420F000F9222B /* vf_Thread.cpp */; };
		CD6E388313E420F000F9222B /* vf_ThreadIndex.cpp in Sources */ = {isa = PBXBuildFile; fileRef = CD6E386913E420F000F9222B /* vf_ThreadIndex.cpp */; };
		CD6E388413E420F000F9222B /* vf_ThreadWorker.cpp in Sources */ = {isa = PBXBuildFile; fileRef = CD6E386A13E420F000F9222B /* vf_ThreadWorker.cpp */; };
		CD6E388513E420F000F9222B /* vf_Worker.cpp in Sources */ = {isa = PBXBuildFile; fileRef = CD6E386B13E420F000F9222B /* vf_Worker.cpp */; };
/* End PBXBuildFile section */

/* Begin PBXFileReference section */
		CD665EC613E7462400348D57 /* boost.framework */ = {isa = PBXFileReference; lastKnownFileType = wrapper.framework; name = boost.framework; path = ../../../libs/boost.framework; sourceTree = "<group>"; };
		CD6E37C013E4202700F9222B /* audio */ = {isa = PBXFileReference; lastKnownFileType = folder; name = audio; path = ../../include/vf/audio; sourceTree = "<group>"; };
		CD6E37C113E4203B00F9222B /* db */ = {isa = PBXFileReference; lastKnownFileType = folder; name = db; path = ../../include/vf/db; sourceTree = "<group>"; };
		CD6E37C213E4204700F9222B /* ui */ = {isa = PBXFileReference; lastKnownFileType = folder; name = ui; path = ../../include/vf/ui; sourceTree = "<group>"; };
		CD6E37C313E4205D00F9222B /* vf_AllocatedBy.h */ = {isa = PBXFileReference; fileEncoding = 4; lastKnownFileType = sourcecode.c.h; name = vf_AllocatedBy.h; path = ../../include/vf/vf_AllocatedBy.h; sourceTree = "<group>"; };
		CD6E37C413E4205D00F9222B /* vf_Allocator.h */ = {isa = PBXFileReference; fileEncoding = 4; lastKnownFileType = sourcecode.c.h; name = vf_Allocator.h; path = ../../include/vf/vf_Allocator.h; sourceTree = "<group>"; };
		CD6E37C513E4205D00F9222B /* vf_AllocatorWithoutTls.h */ = {isa = PBXFileReference; fileEncoding = 4; lastKnownFileType = sourcecode.c.h; name = vf_AllocatorWithoutTls.h; path = ../../include/vf/vf_AllocatorWithoutTls.h; sourceTree = "<group>"; };
		CD6E37C613E4205D00F9222B /* vf_Array.h */ = {isa = PBXFileReference; fileEncoding = 4; lastKnownFileType = sourcecode.c.h; name = vf_Array.h; path = ../../include/vf/vf_Array.h; sourceTree = "<group>"; };
		CD6E37C713E4205D00F9222B /* vf_Atomic.h */ = {isa = PBXFileReference; fileEncoding = 4; lastKnownFileType = sourcecode.c.h; name = vf_Atomic.h; path = ../../include/vf/vf_Atomic.h; sourceTree = "<group>"; };
		CD6E37C813E4205D00F9222B /* vf_AudioBufferPool.h */ = {isa = PBXFileReference; fileEncoding = 4; lastKnownFileType = sourcecode.c.h; name = vf_AudioBufferPool.h; path = ../../include/vf/vf_AudioBufferPool.h; sourceTree = "<group>"; };
		CD6E37C913E4205D00F9222B /* vf_AudioSampleBufferArray.h */ = {isa = PBXFileReference; fileEncoding = 4; lastKnownFileType = sourcecode.c.h; name = vf_AudioSampleBufferArray.h; path = ../../include/vf/vf_AudioSampleBufferArray.h; sourceTree = "<group>"; };
		CD6E37CA13E4205D00F9222B /* vf_Bind.h */ = {isa = PBXFileReference; fileEncoding = 4; lastKnownFileType = sourcecode.c.h; name = vf_Bind.h; path = ../../include/vf/vf_Bind.h; sourceTree = "<group>"; };
		CD6E37CB13E4205D00F9222B /* vf_boost_includes.h */ = {isa = PBXFileReference; fileEncoding = 4; lastKnownFileType = sourcecode.c.h; name = vf_boost_includes.h; path = ../../include/vf/vf_boost_includes.h; sourceTree = "<group>"; };
		CD6E37CC13E4205D00F9222B /* vf_BoostThread.h */ = {isa = PBXFileReference; fileEncoding = 4; lastKnownFileType = sourcecode.c.h; name = vf_BoostThread.h; path = ../../include/vf/vf_BoostThread.h; sourceTree = "<group>"; };
		CD6E37CD13E4205D00F9222B /* vf_CacheLine.h */ = {isa = PBXFileReference; fileEncoding = 4; lastKnownFileType = sourcecode.c.h; name = vf_CacheLine.h; path = ../../include/vf/vf_CacheLine.h; sourceTree = "<group>"; };
		CD6E37CE13E4205D00F9222B /* vf_CatchAny.h */ = {isa = PBXFileReference; fileEncoding = 4; lastKnownFileType = sourcecode.c.h; name = vf_CatchAny.h; path = ../../include/vf/vf_CatchAny.h; sourceTree = "<group>"; };
		CD6E37CF13E4205D00F9222B /* vf_ConditionVariable.h */ = {isa = PBXFileReference; fileEncoding = 4; lastKnownFileType = sourcecode.c.h; name = vf_ConditionVariable.h; path = ../../include/vf/vf_ConditionVariable.h; sourceTree = "<group>"; };
		CD6E37D013E4205D00F9222B /* vf_Config.h */ = {isa = PBXFileReference; fileEncoding = 4; lastKnownFileType = sourcecode.c.h; name = vf_Config.h; path = ../../include/vf/vf_Config.h; sourceTree = "<group>"; };
		CD6E37D113E4205D00F9222B /* vf_db.h */ = {isa = PBXFileReference; fileEncoding = 4; lastKnownFileType = sourcecode.c.h; name = vf_db.h; path = ../../include/vf/vf_db.h; sourceTree = "<group>"; };
		CD6E37D213E4205D00F9222B /* vf_Debug.h */ = {isa = PBXFileReference; fileEncoding = 4; lastKnownFileType = sourcecode.c.h; name = vf_Debug.h; path = ../../include/vf/vf_Debug.h; sourceTree = "<group>"; };
		CD6E37D313E4205D00F9222B /* vf_Error.h */ = {isa = PBXFileReference; fileEncoding = 4; lastKnownFileType = sourcecode.c.h; name = vf_Error.h; path = ../../include/vf/vf_Error.h; sourceTree = "<group>"; };
		CD6E37D413E4205D00F9222B /* vf_ext_includes.h */ = {isa = PBXFileReference; fileEncoding = 4; lastKnownFileType = sourcecode.c.h; name = vf_ext_includes.h; path = ../../include/vf/vf_ext_includes.h; sourceTree = "<group>"; };
		CD6E37D513E4205D00F9222B /* vf_FPUFlags.h */ = {isa = PBXFileReference; fileEncoding = 4; lastKnownFileType = sourcecode.c.h; name = vf_FPUFlags.h; path = ../../include/vf/vf_FPUFlags.h; sourceTree = "<group>"; };
		CD6E37D613E4205D00F9222B /* vf_Function.h */ = {isa = PBXFileReference; fileEncoding = 4; lastKnownFileType = sourcecode.c.h; name = vf_Function.h; path = ../../include/vf/vf_Function.h; sourceTree = "<group>"; };
		CD6E37D713E4205D00F9222B /* vf_GuiWorker.h */ = {isa = PBXFileReference; fileEncoding = 4; lastKnownFileType = sourcecode.c.h; name = vf_GuiWorker.h; path = ../../include/vf/vf_GuiWorker.h; sourceTree = "<group>"; };
		CD6E37D813E4205D00F9222B /* vf_HeaderTemplate.h */ = {isa = PBXFileReference; fileEncoding = 4; lastKnownFileType = sourcecode.c.h; name = vf_HeaderTemplate.h; path = ../../include/vf/vf_HeaderTemplate.h; sourceTree = "<group>"; };
		CD6E37D913E4205D00F9222B /* vf_includes.h */ = {isa = PBXFileReference; fileEncoding = 4; lastKnownFileType = sourcecode.c.h; name = vf_includes.h; path = ../../include/vf/vf_includes.h; sourceTree = "<group>"; };
		CD6E37DA13E4205D00F9222B /* vf_Interval.h */ = {isa = PBXFileReference; fileEncoding = 4; lastKnownFileType = sourcecode.c.h; name = vf_Interval.h; path = ../../include/vf/vf_Interval.h; sourceTree = "<group>"; };
		CD6E37DB13E4205D00F9222B /* vf_Intrinsics.h */ = {isa = PBXFileReference; fileEncoding = 4; lastKnownFileType = sourcecode.c.h; name = vf_Intrinsics.h; path = ../../include/vf/vf_Intrinsics.h; sourceTree = "<group>"; };
		CD6E37DC13E4205D00F9222B /* vf_IntrusiveStack.h */ = {isa = PBXFileReference; fileEncoding = 4; lastKnownFileType = sourcecode.c.h; name = vf_IntrusiveStack.h; path = ../../include/vf/vf_IntrusiveStack.h; sourceTree = "<group>"; };
		CD6E37DD13E4205D00F9222B /* vf_juce_includes.h */ = {isa = PBXFileReference; fileEncoding = 4; lastKnownFileType = sourcecode.c.h; name = vf_juce_includes.h; path = ../../include/vf/vf_juce_includes.h; sourceTree = "<group>"; };
		CD6E37DE13E4205D00F9222B /* vf_JuceThread.h */ = {isa = PBXFileReference; fileEncoding = 4; lastKnownFileType = sourcecode.c.h; name = vf_JuceThread.h; path = ../../include/vf/vf_JuceThread.h; sourceTree = "<group>"; };
		CD6E37DF13E4205D00F9222B /* vf_LeakChecked.h */ = {isa = PBXFileReference; fileEncoding = 4; lastKnownFileType = sourcecode.c.h; name = vf_LeakChecked.h; path = ../../include/vf/vf_LeakChecked.h; sourceTree = "<group>"; };
		CD6E37E013E4205D00F9222B /* vf_List.h */ = {isa = PBXFileReference; fileEncoding = 4; lastKnownFileType = sourcecode.c.h; name = vf_List.h; path = ../../include/vf/vf_List.h; sourceTree = "<group>"; };
		CD6E37E113E4205D00F9222B /* vf_Listeners.h */ = {isa = PBXFileReference; fileEncoding = 4; lastKnownFileType = sourcecode.c.h; name = vf_Listeners.h; path = ../../include/vf/vf_Listeners.h; sourceTree = "<group>"; };
		CD6E37E213E4205D00F9222B /* vf_LockFree.h */ = {isa = PBXFileReference; fileEncoding = 4; lastKnownFileType = sourcecode.c.h; name = vf_LockFree.h; path = ../../include/vf/vf_LockFree.h; sourceTree = "<group>"; };
		CD6E37E313E4205D00F9222B /* vf_LockFreeDelay.h */ = {isa = PBXFileReference; fileEncoding = 4; lastKnownFileType = sourcecode.c.h; name = vf_LockFreeDelay.h; path = ../../include/vf/vf_LockFreeDelay.h; sourceTree = "<group>"; };
		CD6E37E413E4205D00F9222B /* vf_LockFreeList.h */ = {isa = PBXFileReference; fileEncoding = 4; lastKnownFileType = sourcecode.c.h; name = vf_LockFreeList.h; path = ../../include/vf/vf_LockFreeList.h; sourceTree = "<group>"; };
		CD6E37E513E4205D00F9222B /* vf_LockFreeQueue.h */ = {isa = PBXFileReference; fileEncoding = 4; lastKnownFileType = sourcecode.c.h; name = vf_LockFreeQueue.h; path = ../../include/vf/vf_LockFreeQueue.h; sourceTree = "<group>"; };
		CD6E37E613E4205D00F9222B /* vf_LockFreeStack.h */ = {isa = PBXFileReference; fileEncoding = 4; lastKnownFileType = sourcecode.c.h; name = vf_LockFreeStack.h; path = ../../include/vf/vf_LockFreeStack.h; sourceTree = "<group>"; };
		CD6E37E713E4205D00F9222B /* vf_ManualWorker.h */ = {isa = PBXFileReference; fileEncoding = 4; lastKnownFileType = sourcecode.c.h; name = vf_ManualWorker.h; path = ../../include/vf/vf_ManualWorker.h; sourceTree = "<group>"; };
		CD6E37E813E4205D00F9222B /* vf_Math.h */ = {isa = PBXFileReference; fileEncoding = 4; lastKnownFileType = sourcecode.c.h; name = vf_Math.h; path = ../../include/vf/vf_Math.h; sourceTree = "<group>"; };
		CD6E37E913E4205D00F9222B /* vf_MemoryAlignment.h */ = {isa = PBXFileReference; fileEncoding = 4; lastKnownFileType = sourcecode.c.h; name = vf_MemoryAlignment.h; path = ../../include/vf/vf_MemoryAlignment.h; sourceTree = "<group>"; };
		CD6E37EA13E4205D00F9222B /* vf_MurmurHash.h */ = {isa = PBXFileReference; fileEncoding = 4; lastKnownFileType = sourcecode.c.h; name = vf_MurmurHash.h; path = ../../include/vf/vf_MurmurHash.h; sourceTree = "<group>"; };
		CD6E37EB13E4205D00F9222B /* vf_Mutex.h */ = {isa = PBXFileReference; fileEncoding = 4; lastKnownFileType = sourcecode.c.h; name = vf_Mutex.h; path = ../../include/vf/vf_Mutex.h; sourceTree = "<group>"; };
		CD6E37EC13E4205D00F9222B /* vf_NonCopyable.h */ = {isa = PBXFileReference; fileEncoding = 4; lastKnownFileType = sourcecode.c.h; name = vf_NonCopyable.h; path = ../../include/vf/vf_NonCopyable.h; sourceTree = "<group>"; };
		CD6E37ED13E4205D00F9222B /* vf_ObjectAllocator.h */ = {isa = PBXFileReference; fileEncoding = 4; lastKnownFileType = sourcecode.c.h; name = vf_ObjectAllocator.h; path = ../../include/vf/vf_ObjectAllocator.h; sourceTree = "<group>"; };
		CD6E37EE13E4205D00F9222B /* vf_OncePerSecond.h */ = {isa = PBXFileReference; fileEncoding = 4; lastKnownFileType = sourcecode.c.h; name = vf_OncePerSecond.h; path = ../../include/vf/vf_OncePerSecond.h; sourceTree = "<group>"; };
		CD6E37EF13E4205D00F9222B /* vf_PageAllocator.h */ = {isa = PBXFileReference; fileEncoding = 4; lastKnownFileType = sourcecode.c.h; name = vf_PageAllocator.h; path = ../../include/vf/vf_PageAllocator.h; sourceTree = "<group>"; };
		CD6E37F013E4205D00F9222B /* vf_PagePool.h */ = {isa = PBXFileReference; fileEncoding = 4; lastKnownFileType = sourcecode.c.h; name = vf_PagePool.h; path = ../../include/vf/vf_PagePool.h; sourceTree = "<group>"; };
		CD6E37F113E4205D00F9222B /* vf_PerformedAtExit.h */ = {isa = PBXFileReference; fileEncoding = 4; lastKnownFileType = sourcecode.c.h; name = vf_PerformedAtExit.h; path = ../../include/vf/vf_PerformedAtExit.h; sourceTree = "<group>"; };
		CD6E37F213E4205D00F9222B /* vf_ReadWriteMutex.h */ = {isa = PBXFileReference; fileEncoding = 4; lastKnownFileType = sourcecode.c.h; name = vf_ReadWriteMutex.h; path = ../../include/vf/vf_ReadWriteMutex.h; sourceTree = "<group>"; };
		CD6E37F313E4205D00F9222B /* vf_ReadWriteMutexBase.h */ = {isa = PBXFileReference; fileEncoding = 4; lastKnownFileType = sourcecode.c.h; name = vf_ReadWriteMutexBase.h; path = ../../include/vf/vf_ReadWriteMutexBase.h; sourceTree = "<group>"; };
		CD6E37F413E4205D00F9222B /* vf_SafeBool.h */ = {isa = PBXFileReference; fileEncoding = 4; lastKnownFileType = sourcecode.c.h; name = vf_SafeBool.h; path = ../../include/vf/vf_SafeBool.h; sourceTree = "<group>"; };
		CD6E37F513E4205D00F9222B /* vf_SharedObject.h */ = {isa = PBXFileReference; fileEncoding = 4; lastKnownFileType = sourcecode.c.h; name = vf_SharedObject.h; path = ../../include/vf/vf_SharedObject.h; sourceTree = "<group>"; };
		CD6E37F613E4205D00F9222B /* vf_SharedObjectPtr.h */ = {isa = PBXFileReference; fileEncoding = 4; lastKnownFileType = sourcecode.c.h; name = vf_SharedObjectPtr.h; path = ../../include/vf/vf_SharedObjectPtr.h; sourceTree = "<group>"; };
		CD6E37F713E4205D00F9222B /* vf_SharedSingleton.h */ = {isa = PBXFileReference; fileEncoding = 4; lastKnownFileType = sourcecode.c.h; name = vf_SharedSingleton.h; path = ../../include/vf/vf_SharedSingleton.h; sourceTree = "<group>"; };
		CD6E37F813E4205D00F9222B /* vf_SharedState.h */ = {isa = PBXFileReference; fileEncoding = 4; lastKnownFileType = sourcecode.c.h; name = vf_SharedState.h; path = ../../include/vf/vf_SharedState.h; sourceTree = "<group>"; };
		CD6E37F913E4205D00F9222B /* vf_SpinLock.h */ = {isa = PBXFileReference; fileEncoding = 4; lastKnownFileType = sourcecode.c.h; name = vf_SpinLock.h; path = ../../include/vf/vf_SpinLock.h; sourceTree = "<group>"; };
		CD6E37FA13E4205D00F9222B /* vf_StandardAllocator.h */ = {isa = PBXFileReference; fileEncoding = 4; lastKnownFileType = sourcecode.c.h; name = vf_StandardAllocator.h; path = ../../include/vf/vf_StandardAllocator.h; sourceTree = "<group>"; };
		CD6E37FB13E4205E00F9222B /* vf_StandardHeader.h */ = {isa = PBXFileReference; fileEncoding = 4; lastKnownFileType = sourcecode.c.h; name = vf_StandardHeader.h; path = ../../include/vf/vf_StandardHeader.h; sourceTree = "<group>"; };
		CD6E37FC13E4205E00F9222B /* vf_StaticObject.h */ = {isa = PBXFileReference; fileEncoding = 4; lastKnownFileType = sourcecode.c.h; name = vf_StaticObject.h; path = ../../include/vf/vf_StaticObject.h; sourceTree = "<group>"; };
		CD6E37FD13E4205E00F9222B /* vf_stdlib_includes.h */ = {isa = PBXFileReference; fileEncoding = 4; lastKnownFileType = sourcecode.c.h; name = vf_stdlib_includes.h; path = ../../include/vf/vf_stdlib_includes.h; sourceTree = "<group>"; };
		CD6E37FE13E4205E00F9222B /* vf_String.h */ = {isa = PBXFileReference; fileEncoding = 4; lastKnownFileType = sourcecode.c.h; name = vf_String.h; path = ../../include/vf/vf_String.h; sourceTree = "<group>"; };
		CD6E37FF13E4205E00F9222B /* vf_Thread.h */ = {isa = PBXFileReference; fileEncoding = 4; lastKnownFileType = sourcecode.c.h; name = vf_Thread.h; path = ../../include/vf/vf_Thread.h; sourceTree = "<group>"; };
		CD6E380013E4205E00F9222B /* vf_ThreadBase.h */ = {isa = PBXFileReference; fileEncoding = 4; lastKnownFileType = sourcecode.c.h; name = vf_ThreadBase.h; path = ../../include/vf/vf_ThreadBase.h; sourceTree = "<group>"; };
		CD6E380113E4205E00F9222B /* vf_ThreadIndex.h */ = {isa = PBXFileReference; fileEncoding = 4; lastKnownFileType = sourcecode.c.h; name = vf_ThreadIndex.h; path = ../../include/vf/vf_ThreadIndex.h; sourceTree = "<group>"; };
		CD6E380213E4205E00F9222B /* vf_ThreadWorker.h */ = {isa = PBXFileReference; fileEncoding = 4; lastKnownFileType = sourcecode.c.h; name = vf_ThreadWorker.h; path = ../../include/vf/vf_ThreadWorker.h; sourceTree = "<group>"; };
		CD6E380313E4205E00F9222B /* vf_Throw.h */ = {isa = PBXFileReference; fileEncoding = 4; lastKnownFileType = sourcecode.c.h; name = vf_Throw.h; path = ../../include/vf/vf_Throw.h; sourceTree = "<group>"; };
		CD6E380413E4205E00F9222B /* vf_Type.h */ = {isa = PBXFileReference; fileEncoding = 4; lastKnownFileType = sourcecode.c.h; name = vf_Type.h; path = ../../include/vf/vf_Type.h; sourceTree = "<group>"; };
		CD6E380513E4205E00F9222B /* vf_ui.h */ = {isa = PBXFileReference; fileEncoding = 4; lastKnownFileType = sourcecode.c.h; name = vf_ui.h; path = ../../include/vf/vf_ui.h; sourceTree = "<group>"; };
		CD6E380613E4205E00F9222B /* vf_Worker.h */ = {isa = PBXFileReference; fileEncoding = 4; lastKnownFileType = sourcecode.c.h; name = vf_Worker.h; path = ../../include/vf/vf_Worker.h; sourceTree = "<group>"; };
		CD6E380713E4205E00F9222B /* vf.h */ = {isa = PBXFileReference; fileEncoding = 4; lastKnownFileType = sourcecode.c.h; name = vf.h; path = ../../include/vf/vf.h; sourceTree = "<group>"; };
		CD6E384F13E420D900F9222B /* audio */ = {isa = PBXFileReference; lastKnownFileType = folder; name = audio; path = ../../source/audio; sourceTree = "<group>"; };
		CD6E385013E420D900F9222B /* db */ = {isa = PBXFileReference; lastKnownFileType = folder; name = db; path = ../../source/db; sourceTree = "<group>"; };
		CD6E385113E420E400F9222B /* ui */ = {isa = PBXFileReference; lastKnownFileType = folder; name = ui; path = ../../source/ui; sourceTree = "<group>"; };
		CD6E385213E420F000F9222B /* vf_Allocator.cpp */ = {isa = PBXFileReference; fileEncoding = 4; lastKnownFileType = sourcecode.cpp.cpp; name = vf_Allocator.cpp; path = ../../source/vf_Allocator.cpp; sourceTree = "<group>"; };
		CD6E385313E420F000F9222B /* vf_AllocatorWithoutTls.cpp */ = {isa = PBXFileReference; fileEncoding = 4; lastKnownFileType = sourcecode.cpp.cpp; name = vf_AllocatorWithoutTls.cpp; path = ../../source/vf_AllocatorWithoutTls.cpp; sourceTree = "<group>"; };
		CD6E385413E420F000F9222B /* vf_AudioBufferPool.cpp */ = {isa = PBXFileReference; fileEncoding = 4; lastKnownFileType = sourcecode.cpp.cpp; name = vf_AudioBufferPool.cpp; path = ../../source/vf_AudioBufferPool.cpp; sourceTree = "<group>"; };
		CD6E385513E420F000F9222B /* vf_BoostThread.cpp */ = {isa = PBXFileReference; fileEncoding = 4; lastKnownFileType = sourcecode.cpp.cpp; name = vf_BoostThread.cpp; path = ../../source/vf_BoostThread.cpp; sourceTree = "<group>"; };
		CD6E385613E420F000F9222B /* vf_CatchAny.cpp */ = {isa = PBXFileReference; fileEncoding = 4; lastKnownFileType = sourcecode.cpp.cpp; name = vf_CatchAny.cpp; path = ../../source/vf_CatchAny.cpp; sourceTree = "<group>"; };
		CD6E385713E420F000F9222B /* vf_ConditionVariable.cpp */ = {isa = PBXFileReference; fileEncoding = 4; lastKnownFileType = sourcecode.cpp.cpp; name = vf_ConditionVariable.cpp; path = ../../source/vf_ConditionVariable.cpp; sourceTree = "<group>"; };
		CD6E385813E420F000F9222B /* vf_Debug.cpp */ = {isa = PBXFileReference; fileEncoding = 4; lastKnownFileType = sourcecode.cpp.cpp; name = vf_Debug.cpp; path = ../../source/vf_Debug.cpp; sourceTree = "<group>"; };
		CD6E385913E420F000F9222B /* vf_Error.cpp */ = {isa = PBXFileReference; fileEncoding = 4; lastKnownFileType = sourcecode.cpp.cpp; name = vf_Error.cpp; path = ../../source/vf_Error.cpp; sourceTree = "<group>"; };
		CD6E385A13E420F000F9222B /* vf_FPUFlags.cpp */ = {isa = PBXFileReference; fileEncoding = 4; lastKnownFileType = sourcecode.cpp.cpp; name = vf_FPUFlags.cpp; path = ../../source/vf_FPUFlags.cpp; sourceTree = "<group>"; };
		CD6E385B13E420F000F9222B /* vf_GuiWorker.cpp */ = {isa = PBXFileReference; fileEncoding = 4; lastKnownFileType = sourcecode.cpp.cpp; name = vf_GuiWorker.cpp; path = ../../source/vf_GuiWorker.cpp; sourceTree = "<group>"; };
		CD6E385C13E420F000F9222B /* vf_JuceThread.cpp */ = {isa = PBXFileReference; fileEncoding = 4; lastKnownFileType = sourcecode.cpp.cpp; name = vf_JuceThread.cpp; path = ../../source/vf_JuceThread.cpp; sourceTree = "<group>"; };
		CD6E385D13E420F000F9222B /* vf_LeakChecked.cpp */ = {isa = PBXFileReference; fileEncoding = 4; lastKnownFileType = sourcecode.cpp.cpp; name = vf_LeakChecked.cpp; path = ../../source/vf_LeakChecked.cpp; sourceTree = "<group>"; };
		CD6E385E13E420F000F9222B /* vf_Listeners.cpp */ = {isa = PBXFileReference; fileEncoding = 4; lastKnownFileType = sourcecode.cpp.cpp; name = vf_Listeners.cpp; path = ../../source/vf_Listeners.cpp; sourceTree = "<group>"; };
		CD6E385F13E420F000F9222B /* vf_LockFreeDelay.cpp */ = {isa = PBXFileReference; fileEncoding = 4; lastKnownFileType = sourcecode.cpp.cpp; name = vf_LockFreeDelay.cpp; path = ../../source/vf_LockFreeDelay.cpp; sourceTree = "<group>"; };
		CD6E386013E420F000F9222B /* vf_MurmurHash.cpp */ = {isa = PBXFileReference; fileEncoding = 4; lastKnownFileType = sourcecode.cpp.cpp; name = vf_MurmurHash.cpp; path = ../../source/vf_MurmurHash.cpp; sourceTree = "<group>"; };
		CD6E386113E420F000F9222B /* vf_OncePerSecond.cpp */ = {isa = PBXFileReference; fileEncoding = 4; lastKnownFileType = sourcecode.cpp.cpp; name = vf_OncePerSecond.cpp; path = ../../source/vf_OncePerSecond.cpp; sourceTree = "<group>"; };
		CD6E386213E420F000F9222B /* vf_PageAllocator.cpp */ = {isa = PBXFileReference; fileEncoding = 4; lastKnownFileType = sourcecode.cpp.cpp; name = vf_PageAllocator.cpp; path = ../../source/vf_PageAllocator.cpp; sourceTree = "<group>"; };
		CD6E386313E420F000F9222B /* vf_PagePool.cpp */ = {isa = PBXFileReference; fileEncoding = 4; lastKnownFileType = sourcecode.cpp.cpp; name = vf_PagePool.cpp; path = ../../source/vf_PagePool.cpp; sourceTree = "<group>"; };
		CD6E386413E420F000F9222B /* vf_PerformedAtExit.cpp */ = {isa = PBXFileReference; fileEncoding = 4; lastKnownFileType = sourcecode.cpp.cpp; name = vf_PerformedAtExit.cpp; path = ../../source/vf_PerformedAtExit.cpp; sourceTree = "<group>"; };
		CD6E386513E420F000F9222B /* vf_ReadWriteMutex.cpp */ = {isa = PBXFileReference; fileEncoding = 4; lastKnownFileType = sourcecode.cpp.cpp; name = vf_ReadWriteMutex.cpp; path = ../../source/vf_ReadWriteMutex.cpp; sourceTree = "<group>"; };
		CD6E386613E420F000F9222B /* vf_SharedObject.cpp */ = {isa = PBXFileReference; fileEncoding = 4; lastKnownFileType = sourcecode.cpp.cpp; name = vf_SharedObject.cpp; path = ../../source/vf_SharedObject.cpp; sourceTree = "<group>"; };
		CD6E386713E420F000F9222B /* vf_SharedSingleton.cpp */ = {isa = PBXFileReference; fileEncoding = 4; lastKnownFileType = sourcecode.cpp.cpp; name = vf_SharedSingleton.cpp; path = ../../source/vf_SharedSingleton.cpp; sourceTree = "<group>"; };
		CD6E386813E420F000F9222B /* vf_Thread.cpp */ = {isa = PBXFileReference; fileEncoding = 4; lastKnownFileType = sourcecode.cpp.cpp; name = vf_Thread.cpp; path = ../../source/vf_Thread.cpp; sourceTree = "<group>"; };
		CD6E386913E420F000F9222B /* vf_ThreadIndex.cpp */ = {isa = PBXFileReference; fileEncoding = 4; lastKnownFileType = sourcecode.cpp.cpp; name = vf_ThreadIndex.cpp; path = ../../source/vf_ThreadIndex.cpp; sourceTree = "<group>"; };
		CD6E386A13E420F000F9222B /* vf_ThreadWorker.cpp */ = {isa = PBXFileReference; fileEncoding = 4; lastKnownFileType = sourcecode.cpp.cpp; name = vf_ThreadWorker.cpp; path = ../../source/vf_ThreadWorker.cpp; sourceTree = "<group>"; };
		CD6E386B13E420F000F9222B /* vf_Worker.cpp */ = {isa = PBXFileReference; fileEncoding = 4; lastKnownFileType = sourcecode.cpp.cpp; name = vf_Worker.cpp; path = ../../source/vf_Worker.cpp; sourceTree = "<group>"; };
		CDDB18F413E41DE000A06127 /* libvflib.a */ = {isa = PBXFileReference; explicitFileType = archive.ar; includeInIndex = 0; path = libvflib.a; sourceTree = BUILT_PRODUCTS_DIR; };
/* End PBXFileReference section */

/* Begin PBXFrameworksBuildPhase section */
		CDDB18F113E41DE000A06127 /* Frameworks */ = {
			isa = PBXFrameworksBuildPhase;
			buildActionMask = 2147483647;
			files = (
				CD665EC713E7462400348D57 /* boost.framework in Frameworks */,
			);
			runOnlyForDeploymentPostprocessing = 0;
		};
/* End PBXFrameworksBuildPhase section */

/* Begin PBXGroup section */
		CD6E384D13E4206800F9222B /* include */ = {
			isa = PBXGroup;
			children = (
				CD6E37C213E4204700F9222B /* ui */,
				CD6E37C113E4203B00F9222B /* db */,
				CD6E37C013E4202700F9222B /* audio */,
				CD6E37C313E4205D00F9222B /* vf_AllocatedBy.h */,
				CD6E37C413E4205D00F9222B /* vf_Allocator.h */,
				CD6E37C513E4205D00F9222B /* vf_AllocatorWithoutTls.h */,
				CD6E37C613E4205D00F9222B /* vf_Array.h */,
				CD6E37C713E4205D00F9222B /* vf_Atomic.h */,
				CD6E37C813E4205D00F9222B /* vf_AudioBufferPool.h */,
				CD6E37C913E4205D00F9222B /* vf_AudioSampleBufferArray.h */,
				CD6E37CA13E4205D00F9222B /* vf_Bind.h */,
				CD6E37CB13E4205D00F9222B /* vf_boost_includes.h */,
				CD6E37CC13E4205D00F9222B /* vf_BoostThread.h */,
				CD6E37CD13E4205D00F9222B /* vf_CacheLine.h */,
				CD6E37CE13E4205D00F9222B /* vf_CatchAny.h */,
				CD6E37CF13E4205D00F9222B /* vf_ConditionVariable.h */,
				CD6E37D013E4205D00F9222B /* vf_Config.h */,
				CD6E37D113E4205D00F9222B /* vf_db.h */,
				CD6E37D213E4205D00F9222B /* vf_Debug.h */,
				CD6E37D313E4205D00F9222B /* vf_Error.h */,
				CD6E37D413E4205D00F9222B /* vf_ext_includes.h */,
				CD6E37D513E4205D00F9222B /* vf_FPUFlags.h */,
				CD6E37D613E4205D00F9222B /* vf_Function.h */,
				CD6E37D713E4205D00F9222B /* vf_GuiWorker.h */,
				CD6E37D813E4205D00F9222B /* vf_HeaderTemplate.h */,
				CD6E37D913E4205D00F9222B /* vf_includes.h */,
				CD6E37DA13E4205D00F9222B /* vf_Interval.h */,
				CD6E37DB13E4205D00F9222B /* vf_Intrinsics.h */,
				CD6E37DC13E4205D00F9222B /* vf_IntrusiveStack.h */,
				CD6E37DD13E4205D00F9222B /* vf_juce_includes.h */,
				CD6E37DE13E4205D00F9222B /* vf_JuceThread.h */,
				CD6E37DF13E4205D00F9222B /* vf_LeakChecked.h */,
				CD6E37E013E4205D00F9222B /* vf_List.h */,
				CD6E37E113E4205D00F9222B /* vf_Listeners.h */,
				CD6E37E213E4205D00F9222B /* vf_LockFree.h */,
				CD6E37E313E4205D00F9222B /* vf_LockFreeDelay.h */,
				CD6E37E413E4205D00F9222B /* vf_LockFreeList.h */,
				CD6E37E513E4205D00F9222B /* vf_LockFreeQueue.h */,
				CD6E37E613E4205D00F9222B /* vf_LockFreeStack.h */,
				CD6E37E713E4205D00F9222B /* vf_ManualWorker.h */,
				CD6E37E813E4205D00F9222B /* vf_Math.h */,
				CD6E37E913E4205D00F9222B /* vf_MemoryAlignment.h */,
				CD6E37EA13E4205D00F9222B /* vf_MurmurHash.h */,
				CD6E37EB13E4205D00F9222B /* vf_Mutex.h */,
				CD6E37EC13E4205D00F9222B /* vf_NonCopyable.h */,
				CD6E37ED13E4205D00F9222B /* vf_ObjectAllocator.h */,
				CD6E37EE13E4205D00F9222B /* vf_OncePerSecond.h */,
				CD6E37EF13E4205D00F9222B /* vf_PageAllocator.h */,
				CD6E37F013E4205D00F9222B /* vf_PagePool.h */,
				CD6E37F113E4205D00F9222B /* vf_PerformedAtExit.h */,
				CD6E37F213E4205D00F9222B /* vf_ReadWriteMutex.h */,
				CD6E37F313E4205D00F9222B /* vf_ReadWriteMutexBase.h */,
				CD6E37F413E4205D00F9222B /* vf_SafeBool.h */,
				CD6E37F513E4205D00F9222B /* vf_SharedObject.h */,
				CD6E37F613E4205D00F9222B /* vf_SharedObjectPtr.h */,
				CD6E37F713E4205D00F9222B /* vf_SharedSingleton.h */,
				CD6E37F813E4205D00F9222B /* vf_SharedState.h */,
				CD6E37F913E4205D00F9222B /* vf_SpinLock.h */,
				CD6E37FA13E4205D00F9222B /* vf_StandardAllocator.h */,
				CD6E37FB13E4205E00F9222B /* vf_StandardHeader.h */,
				CD6E37FC13E4205E00F9222B /* vf_StaticObject.h */,
				CD6E37FD13E4205E00F9222B /* vf_stdlib_includes.h */,
				CD6E37FE13E4205E00F9222B /* vf_String.h */,
				CD6E37FF13E4205E00F9222B /* vf_Thread.h */,
				CD6E380013E4205E00F9222B /* vf_ThreadBase.h */,
				CD6E380113E4205E00F9222B /* vf_ThreadIndex.h */,
				CD6E380213E4205E00F9222B /* vf_ThreadWorker.h */,
				CD6E380313E4205E00F9222B /* vf_Throw.h */,
				CD6E380413E4205E00F9222B /* vf_Type.h */,
				CD6E380513E4205E00F9222B /* vf_ui.h */,
				CD6E380613E4205E00F9222B /* vf_Worker.h */,
				CD6E380713E4205E00F9222B /* vf.h */,
			);
			name = include;
			sourceTree = "<group>";
		};
		CD6E384E13E420A800F9222B /* source */ = {
			isa = PBXGroup;
			children = (
				CD6E385113E420E400F9222B /* ui */,
				CD6E384F13E420D900F9222B /* audio */,
				CD6E385013E420D900F9222B /* db */,
				CD6E385213E420F000F9222B /* vf_Allocator.cpp */,
				CD6E385313E420F000F9222B /* vf_AllocatorWithoutTls.cpp */,
				CD6E385413E420F000F9222B /* vf_AudioBufferPool.cpp */,
				CD6E385513E420F000F9222B /* vf_BoostThread.cpp */,
				CD6E385613E420F000F9222B /* vf_CatchAny.cpp */,
				CD6E385713E420F000F9222B /* vf_ConditionVariable.cpp */,
				CD6E385813E420F000F9222B /* vf_Debug.cpp */,
				CD6E385913E420F000F9222B /* vf_Error.cpp */,
				CD6E385A13E420F000F9222B /* vf_FPUFlags.cpp */,
				CD6E385B13E420F000F9222B /* vf_GuiWorker.cpp */,
				CD6E385C13E420F000F9222B /* vf_JuceThread.cpp */,
				CD6E385D13E420F000F9222B /* vf_LeakChecked.cpp */,
				CD6E385E13E420F000F9222B /* vf_Listeners.cpp */,
				CD6E385F13E420F000F9222B /* vf_LockFreeDelay.cpp */,
				CD6E386013E420F000F9222B /* vf_MurmurHash.cpp */,
				CD6E386113E420F000F9222B /* vf_OncePerSecond.cpp */,
				CD6E386213E420F000F9222B /* vf_PageAllocator.cpp */,
				CD6E386313E420F000F9222B /* vf_PagePool.cpp */,
				CD6E386413E420F000F9222B /* vf_PerformedAtExit.cpp */,
				CD6E386513E420F000F9222B /* vf_ReadWriteMutex.cpp */,
				CD6E386613E420F000F9222B /* vf_SharedObject.cpp */,
				CD6E386713E420F000F9222B /* vf_SharedSingleton.cpp */,
				CD6E386813E420F000F9222B /* vf_Thread.cpp */,
				CD6E386913E420F000F9222B /* vf_ThreadIndex.cpp */,
				CD6E386A13E420F000F9222B /* vf_ThreadWorker.cpp */,
				CD6E386B13E420F000F9222B /* vf_Worker.cpp */,
			);
			name = source;
			sourceTree = "<group>";
		};
		CDDB18E913E41DE000A06127 = {
			isa = PBXGroup;
			children = (
				CDDB18F913E41DE000A06127 /* vflib */,
				CDDB18F613E41DE000A06127 /* Frameworks */,
				CDDB18F513E41DE000A06127 /* Products */,
			);
			sourceTree = "<group>";
		};
		CDDB18F513E41DE000A06127 /* Products */ = {
			isa = PBXGroup;
			children = (
				CDDB18F413E41DE000A06127 /* libvflib.a */,
			);
			name = Products;
			sourceTree = "<group>";
		};
		CDDB18F613E41DE000A06127 /* Frameworks */ = {
			isa = PBXGroup;
			children = (
				CD665EC613E7462400348D57 /* boost.framework */,
			);
			name = Frameworks;
			sourceTree = "<group>";
		};
		CDDB18F913E41DE000A06127 /* vflib */ = {
			isa = PBXGroup;
			children = (
				CD6E384D13E4206800F9222B /* include */,
				CD6E384E13E420A800F9222B /* source */,
			);
			path = vflib;
			sourceTree = "<group>";
		};
/* End PBXGroup section */

/* Begin PBXHeadersBuildPhase section */
		CDDB18F213E41DE000A06127 /* Headers */ = {
			isa = PBXHeadersBuildPhase;
			buildActionMask = 2147483647;
			files = (
				CD6E380813E4205E00F9222B /* vf_AllocatedBy.h in Headers */,
				CD6E380913E4205E00F9222B /* vf_Allocator.h in Headers */,
				CD6E380A13E4205E00F9222B /* vf_AllocatorWithoutTls.h in Headers */,
				CD6E380B13E4205E00F9222B /* vf_Array.h in Headers */,
				CD6E380C13E4205E00F9222B /* vf_Atomic.h in Headers */,
				CD6E380D13E4205E00F9222B /* vf_AudioBufferPool.h in Headers */,
				CD6E380E13E4205E00F9222B /* vf_AudioSampleBufferArray.h in Headers */,
				CD6E380F13E4205E00F9222B /* vf_Bind.h in Headers */,
				CD6E381013E4205E00F9222B /* vf_boost_includes.h in Headers */,
				CD6E381113E4205E00F9222B /* vf_BoostThread.h in Headers */,
				CD6E381213E4205E00F9222B /* vf_CacheLine.h in Headers */,
				CD6E381313E4205E00F9222B /* vf_CatchAny.h in Headers */,
				CD6E381413E4205E00F9222B /* vf_ConditionVariable.h in Headers */,
				CD6E381513E4205E00F9222B /* vf_Config.h in Headers */,
				CD6E381613E4205E00F9222B /* vf_db.h in Headers */,
				CD6E381713E4205E00F9222B /* vf_Debug.h in Headers */,
				CD6E381813E4205E00F9222B /* vf_Error.h in Headers */,
				CD6E381913E4205E00F9222B /* vf_ext_includes.h in Headers */,
				CD6E381A13E4205E00F9222B /* vf_FPUFlags.h in Headers */,
				CD6E381B13E4205E00F9222B /* vf_Function.h in Headers */,
				CD6E381C13E4205E00F9222B /* vf_GuiWorker.h in Headers */,
				CD6E381D13E4205E00F9222B /* vf_HeaderTemplate.h in Headers */,
				CD6E381E13E4205E00F9222B /* vf_includes.h in Headers */,
				CD6E381F13E4205E00F9222B /* vf_Interval.h in Headers */,
				CD6E382013E4205E00F9222B /* vf_Intrinsics.h in Headers */,
				CD6E382113E4205E00F9222B /* vf_IntrusiveStack.h in Headers */,
				CD6E382213E4205E00F9222B /* vf_juce_includes.h in Headers */,
				CD6E382313E4205E00F9222B /* vf_JuceThread.h in Headers */,
				CD6E382413E4205E00F9222B /* vf_LeakChecked.h in Headers */,
				CD6E382513E4205E00F9222B /* vf_List.h in Headers */,
				CD6E382613E4205E00F9222B /* vf_Listeners.h in Headers */,
				CD6E382713E4205E00F9222B /* vf_LockFree.h in Headers */,
				CD6E382813E4205E00F9222B /* vf_LockFreeDelay.h in Headers */,
				CD6E382913E4205E00F9222B /* vf_LockFreeList.h in Headers */,
				CD6E382A13E4205E00F9222B /* vf_LockFreeQueue.h in Headers */,
				CD6E382B13E4205E00F9222B /* vf_LockFreeStack.h in Headers */,
				CD6E382C13E4205E00F9222B /* vf_ManualWorker.h in Headers */,
				CD6E382D13E4205E00F9222B /* vf_Math.h in Headers */,
				CD6E382E13E4205E00F9222B /* vf_MemoryAlignment.h in Headers */,
				CD6E382F13E4205E00F9222B /* vf_MurmurHash.h in Headers */,
				CD6E383013E4205E00F9222B /* vf_Mutex.h in Headers */,
				CD6E383113E4205E00F9222B /* vf_NonCopyable.h in Headers */,
				CD6E383213E4205E00F9222B /* vf_ObjectAllocator.h in Headers */,
				CD6E383313E4205E00F9222B /* vf_OncePerSecond.h in Headers */,
				CD6E383413E4205E00F9222B /* vf_PageAllocator.h in Headers */,
				CD6E383513E4205E00F9222B /* vf_PagePool.h in Headers */,
				CD6E383613E4205E00F9222B /* vf_PerformedAtExit.h in Headers */,
				CD6E383713E4205E00F9222B /* vf_ReadWriteMutex.h in Headers */,
				CD6E383813E4205E00F9222B /* vf_ReadWriteMutexBase.h in Headers */,
				CD6E383913E4205E00F9222B /* vf_SafeBool.h in Headers */,
				CD6E383A13E4205E00F9222B /* vf_SharedObject.h in Headers */,
				CD6E383B13E4205E00F9222B /* vf_SharedObjectPtr.h in Headers */,
				CD6E383C13E4205E00F9222B /* vf_SharedSingleton.h in Headers */,
				CD6E383D13E4205E00F9222B /* vf_SharedState.h in Headers */,
				CD6E383E13E4205E00F9222B /* vf_SpinLock.h in Headers */,
				CD6E383F13E4205E00F9222B /* vf_StandardAllocator.h in Headers */,
				CD6E384013E4205E00F9222B /* vf_StandardHeader.h in Headers */,
				CD6E384113E4205E00F9222B /* vf_StaticObject.h in Headers */,
				CD6E384213E4205E00F9222B /* vf_stdlib_includes.h in Headers */,
				CD6E384313E4205E00F9222B /* vf_String.h in Headers */,
				CD6E384413E4205E00F9222B /* vf_Thread.h in Headers */,
				CD6E384513E4205E00F9222B /* vf_ThreadBase.h in Headers */,
				CD6E384613E4205E00F9222B /* vf_ThreadIndex.h in Headers */,
				CD6E384713E4205E00F9222B /* vf_ThreadWorker.h in Headers */,
				CD6E384813E4205E00F9222B /* vf_Throw.h in Headers */,
				CD6E384913E4205E00F9222B /* vf_Type.h in Headers */,
				CD6E384A13E4205E00F9222B /* vf_ui.h in Headers */,
				CD6E384B13E4205E00F9222B /* vf_Worker.h in Headers */,
				CD6E384C13E4205E00F9222B /* vf.h in Headers */,
			);
			runOnlyForDeploymentPostprocessing = 0;
		};
/* End PBXHeadersBuildPhase section */

/* Begin PBXNativeTarget section */
		CDDB18F313E41DE000A06127 /* vflib */ = {
			isa = PBXNativeTarget;
			buildConfigurationList = CDDB190113E41DE000A06127 /* Build configuration list for PBXNativeTarget "vflib" */;
			buildPhases = (
				CDDB18F013E41DE000A06127 /* Sources */,
				CDDB18F113E41DE000A06127 /* Frameworks */,
				CDDB18F213E41DE000A06127 /* Headers */,
			);
			buildRules = (
			);
			dependencies = (
			);
			name = vflib;
			productName = vflib;
			productReference = CDDB18F413E41DE000A06127 /* libvflib.a */;
			productType = "com.apple.product-type.library.static";
		};
/* End PBXNativeTarget section */

/* Begin PBXProject section */
		CDDB18EB13E41DE000A06127 /* Project object */ = {
			isa = PBXProject;
			buildConfigurationList = CDDB18EE13E41DE000A06127 /* Build configuration list for PBXProject "vflib" */;
			compatibilityVersion = "Xcode 3.2";
			developmentRegion = English;
			hasScannedForEncodings = 0;
			knownRegions = (
				en,
			);
			mainGroup = CDDB18E913E41DE000A06127;
			productRefGroup = CDDB18F513E41DE000A06127 /* Products */;
			projectDirPath = "";
			projectRoot = "";
			targets = (
				CDDB18F313E41DE000A06127 /* vflib */,
			);
		};
/* End PBXProject section */

/* Begin PBXSourcesBuildPhase section */
		CDDB18F013E41DE000A06127 /* Sources */ = {
			isa = PBXSourcesBuildPhase;
			buildActionMask = 2147483647;
			files = (
				CD6E386C13E420F000F9222B /* vf_Allocator.cpp in Sources */,
				CD6E386D13E420F000F9222B /* vf_AllocatorWithoutTls.cpp in Sources */,
				CD6E386E13E420F000F9222B /* vf_AudioBufferPool.cpp in Sources */,
				CD6E386F13E420F000F9222B /* vf_BoostThread.cpp in Sources */,
				CD6E387013E420F000F9222B /* vf_CatchAny.cpp in Sources */,
				CD6E387113E420F000F9222B /* vf_ConditionVariable.cpp in Sources */,
				CD6E387213E420F000F9222B /* vf_Debug.cpp in Sources */,
				CD6E387313E420F000F9222B /* vf_Error.cpp in Sources */,
				CD6E387413E420F000F9222B /* vf_FPUFlags.cpp in Sources */,
				CD6E387513E420F000F9222B /* vf_GuiWorker.cpp in Sources */,
				CD6E387613E420F000F9222B /* vf_JuceThread.cpp in Sources */,
				CD6E387713E420F000F9222B /* vf_LeakChecked.cpp in Sources */,
				CD6E387813E420F000F9222B /* vf_Listeners.cpp in Sources */,
				CD6E387913E420F000F9222B /* vf_LockFreeDelay.cpp in Sources */,
				CD6E387A13E420F000F9222B /* vf_MurmurHash.cpp in Sources */,
				CD6E387B13E420F000F9222B /* vf_OncePerSecond.cpp in Sources */,
				CD6E387C13E420F000F9222B /* vf_PageAllocator.cpp in Sources */,
				CD6E387D13E420F000F9222B /* vf_PagePool.cpp in Sources */,
				CD6E387E13E420F000F9222B /* vf_PerformedAtExit.cpp in Sources */,
				CD6E387F13E420F000F9222B /* vf_ReadWriteMutex.cpp in Sources */,
				CD6E388013E420F000F9222B /* vf_SharedObject.cpp in Sources */,
				CD6E388113E420F000F9222B /* vf_SharedSingleton.cpp in Sources */,
				CD6E388213E420F000F9222B /* vf_Thread.cpp in Sources */,
				CD6E388313E420F000F9222B /* vf_ThreadIndex.cpp in Sources */,
				CD6E388413E420F000F9222B /* vf_ThreadWorker.cpp in Sources */,
				CD6E388513E420F000F9222B /* vf_Worker.cpp in Sources */,
			);
			runOnlyForDeploymentPostprocessing = 0;
		};
/* End PBXSourcesBuildPhase section */

/* Begin XCBuildConfiguration section */
		CDDB18FF13E41DE000A06127 /* Debug */ = {
			isa = XCBuildConfiguration;
			buildSettings = {
				ALWAYS_SEARCH_USER_PATHS = NO;
				ARCHS = "$(ARCHS_STANDARD_32_BIT)";
				COPY_PHASE_STRIP = NO;
				GCC_C_LANGUAGE_STANDARD = gnu99;
				GCC_DYNAMIC_NO_PIC = NO;
				GCC_INLINES_ARE_PRIVATE_EXTERN = YES;
				GCC_OPTIMIZATION_LEVEL = 0;
				GCC_PREPROCESSOR_DEFINITIONS = (
					"DEBUG=1",
					"$(inherited)",
				);
				GCC_SYMBOLS_PRIVATE_EXTERN = YES;
				GCC_THUMB_SUPPORT = NO;
				GCC_VERSION = com.apple.compilers.llvmgcc42;
				GCC_WARN_ABOUT_MISSING_PROTOTYPES = YES;
				GCC_WARN_ABOUT_RETURN_TYPE = YES;
				GCC_WARN_UNUSED_VARIABLE = YES;
				IPHONEOS_DEPLOYMENT_TARGET = 4.3;
				SDKROOT = iphoneos;
			};
			name = Debug;
		};
		CDDB190013E41DE000A06127 /* Release */ = {
			isa = XCBuildConfiguration;
			buildSettings = {
				ALWAYS_SEARCH_USER_PATHS = NO;
				ARCHS = "$(ARCHS_STANDARD_32_BIT)";
				COPY_PHASE_STRIP = YES;
				GCC_C_LANGUAGE_STANDARD = gnu99;
				GCC_INLINES_ARE_PRIVATE_EXTERN = YES;
				GCC_SYMBOLS_PRIVATE_EXTERN = YES;
				GCC_THUMB_SUPPORT = NO;
				GCC_VERSION = com.apple.compilers.llvmgcc42;
				GCC_WARN_ABOUT_MISSING_PROTOTYPES = YES;
				GCC_WARN_ABOUT_RETURN_TYPE = YES;
				GCC_WARN_UNUSED_VARIABLE = YES;
				IPHONEOS_DEPLOYMENT_TARGET = 4.3;
				SDKROOT = iphoneos;
				VALIDATE_PRODUCT = YES;
			};
			name = Release;
		};
		CDDB190213E41DE000A06127 /* Debug */ = {
			isa = XCBuildConfiguration;
			buildSettings = {
				DSTROOT = /tmp/vflib.dst;
				FRAMEWORK_SEARCH_PATHS = (
					"$(inherited)",
					"\"$(SRCROOT)/../../../libs\"",
				);
				GCC_PRECOMPILE_PREFIX_HEADER = NO;
				GCC_PREFIX_HEADER = "";
				HEADER_SEARCH_PATHS = (
					"${JUCE}",
					"${VFLIB}",
				);
				OTHER_LDFLAGS = "-ObjC";
				PRODUCT_NAME = "$(TARGET_NAME)";
				SKIP_INSTALL = YES;
			};
			name = Debug;
		};
		CDDB190313E41DE000A06127 /* Release */ = {
			isa = XCBuildConfiguration;
			buildSettings = {
				DSTROOT = /tmp/vflib.dst;
				FRAMEWORK_SEARCH_PATHS = (
					"$(inherited)",
					"\"$(SRCROOT)/../../../libs\"",
				);
				GCC_PRECOMPILE_PREFIX_HEADER = NO;
				GCC_PREFIX_HEADER = "";
				HEADER_SEARCH_PATHS = (
					"${JUCE}",
					"${VFLIB}",
				);
				OTHER_LDFLAGS = "-ObjC";
				PRODUCT_NAME = "$(TARGET_NAME)";
				SKIP_INSTALL = YES;
			};
			name = Release;
		};
/* End XCBuildConfiguration section */

/* Begin XCConfigurationList section */
		CDDB18EE13E41DE000A06127 /* Build configuration list for PBXProject "vflib" */ = {
			isa = XCConfigurationList;
			buildConfigurations = (
				CDDB18FF13E41DE000A06127 /* Debug */,
				CDDB190013E41DE000A06127 /* Release */,
			);
			defaultConfigurationIsVisible = 0;
			defaultConfigurationName = Release;
		};
		CDDB190113E41DE000A06127 /* Build configuration list for PBXNativeTarget "vflib" */ = {
			isa = XCConfigurationList;
			buildConfigurations = (
				CDDB190213E41DE000A06127 /* Debug */,
				CDDB190313E41DE000A06127 /* Release */,
			);
			defaultConfigurationIsVisible = 0;
			defaultConfigurationName = Release;
		};
/* End XCConfigurationList section */
	};
	rootObject = CDDB18EB13E41DE000A06127 /* Project object */;
}
